
Microsoft Visual Studio Solution File, Format Version 12.00
# Visual Studio Version 16
VisualStudioVersion = 16.0.30128.74
MinimumVisualStudioVersion = 10.0.40219.1
Project("{FAE04EC0-301F-11D3-BF4B-00C04F79EFBC}") = "WonderCMS", "WonderCMS\WonderCMS.csproj", "{81A85B13-15DF-4ED9-A0DF-364022CDB765}"
EndProject
Global
	GlobalSection(SolutionConfigurationPlatforms) = preSolution
		Debug|Any CPU = Debug|Any CPU
		Release|Any CPU = Release|Any CPU
	EndGlobalSection
	GlobalSection(ProjectConfigurationPlatforms) = postSolution
		{81A85B13-15DF-4ED9-A0DF-364022CDB765}.Debug|Any CPU.ActiveCfg = Debug|Any CPU
		{81A85B13-15DF-4ED9-A0DF-364022CDB765}.Debug|Any CPU.Build.0 = Debug|Any CPU
		{81A85B13-15DF-4ED9-A0DF-364022CDB765}.Release|Any CPU.ActiveCfg = Release|Any CPU
		{81A85B13-15DF-4ED9-A0DF-364022CDB765}.Release|Any CPU.Build.0 = Release|Any CPU
	EndGlobalSection
	GlobalSection(SolutionProperties) = preSolution
		HideSolutionNode = FALSE
	EndGlobalSection
	GlobalSection(ExtensibilityGlobals) = postSolution
		SolutionGuid = {222F664F-B626-4F63-9F47-0B2C8EA3DDD4}
	EndGlobalSection
EndGlobal
